
Microsoft Visual Studio Solution File, Format Version 12.00
# Visual Studio Version 16
VisualStudioVersion = 16.0.30611.23
MinimumVisualStudioVersion = 10.0.40219.1
Project("{FAE04EC0-301F-11D3-BF4B-00C04F79EFBC}") = "CardGame", "CardGame\CardGame.csproj", "{51116E9E-E74C-402E-9246-C62A94D84AE4}"
EndProject
Global
	GlobalSection(SolutionConfigurationPlatforms) = preSolution
		Debug|Any CPU = Debug|Any CPU
		Release|Any CPU = Release|Any CPU
	EndGlobalSection
	GlobalSection(ProjectConfigurationPlatforms) = postSolution
		{51116E9E-E74C-402E-9246-C62A94D84AE4}.Debug|Any CPU.ActiveCfg = Debug|Any CPU
		{51116E9E-E74C-402E-9246-C62A94D84AE4}.Debug|Any CPU.Build.0 = Debug|Any CPU
		{51116E9E-E74C-402E-9246-C62A94D84AE4}.Release|Any CPU.ActiveCfg = Release|Any CPU
		{51116E9E-E74C-402E-9246-C62A94D84AE4}.Release|Any CPU.Build.0 = Release|Any CPU
	EndGlobalSection
	GlobalSection(SolutionProperties) = preSolution
		HideSolutionNode = FALSE
	EndGlobalSection
	GlobalSection(ExtensibilityGlobals) = postSolution
		SolutionGuid = {04085EA6-45A6-4370-8A86-8B593C0E79E6}
	EndGlobalSection
EndGlobal
